
Microsoft Visual Studio Solution File, Format Version 12.00
# Visual Studio Version 17
VisualStudioVersion = 17.14.36310.24 d17.14
MinimumVisualStudioVersion = 10.0.40219.1
Project("{FAE04EC0-301F-11D3-BF4B-00C04F79EFBC}") = "minutes90", "minutes90.csproj", "{922E749B-7046-45EC-B6C3-6199B65FA6F7}"
EndProject
Global
	GlobalSection(SolutionConfigurationPlatforms) = preSolution
		Debug|Any CPU = Debug|Any CPU
		Release|Any CPU = Release|Any CPU
	EndGlobalSection
	GlobalSection(ProjectConfigurationPlatforms) = postSolution
		{922E749B-7046-45EC-B6C3-6199B65FA6F7}.Debug|Any CPU.ActiveCfg = Debug|Any CPU
		{922E749B-7046-45EC-B6C3-6199B65FA6F7}.Debug|Any CPU.Build.0 = Debug|Any CPU
		{922E749B-7046-45EC-B6C3-6199B65FA6F7}.Release|Any CPU.ActiveCfg = Release|Any CPU
		{922E749B-7046-45EC-B6C3-6199B65FA6F7}.Release|Any CPU.Build.0 = Release|Any CPU
	EndGlobalSection
	GlobalSection(SolutionProperties) = preSolution
		HideSolutionNode = FALSE
	EndGlobalSection
	GlobalSection(ExtensibilityGlobals) = postSolution
		SolutionGuid = {FCDA0F88-3B7B-45A7-9C47-A2C2460C43F9}
	EndGlobalSection
EndGlobal
